// !$*UTF8*$!
{
	archiveVersion = 1;
	classes = {
	};
	objectVersion = 50;
	objects = {

/* Begin PBXBuildFile section */
		693FBB8E2266888800688730 /* HeaderView.swift in Sources */ = {isa = PBXBuildFile; fileRef = 693FBB8D2266888800688730 /* HeaderView.swift */; };
		693FBB90226688A000688730 /* HeaderView.xib in Resources */ = {isa = PBXBuildFile; fileRef = 693FBB8F226688A000688730 /* HeaderView.xib */; };
		693FBB982267155000688730 /* HeaderViewDelegate.swift in Sources */ = {isa = PBXBuildFile; fileRef = 693FBB972267155000688730 /* HeaderViewDelegate.swift */; };
		693FBBBD2267578D00688730 /* DetailViewController.swift in Sources */ = {isa = PBXBuildFile; fileRef = 693FBBBC2267578D00688730 /* DetailViewController.swift */; };
		6953B5602268864B00BC646A /* README.md in Resources */ = {isa = PBXBuildFile; fileRef = 6953B55F2268864A00BC646A /* README.md */; };
		69547D96226596BD0025DA4B /* AppDelegate.swift in Sources */ = {isa = PBXBuildFile; fileRef = 69547D95226596BD0025DA4B /* AppDelegate.swift */; };
		69547D98226596BD0025DA4B /* ListViewController.swift in Sources */ = {isa = PBXBuildFile; fileRef = 69547D97226596BD0025DA4B /* ListViewController.swift */; };
		69547D9B226596BE0025DA4B /* Main.storyboard in Resources */ = {isa = PBXBuildFile; fileRef = 69547D99226596BE0025DA4B /* Main.storyboard */; };
		69547D9D226596C10025DA4B /* Assets.xcassets in Resources */ = {isa = PBXBuildFile; fileRef = 69547D9C226596C10025DA4B /* Assets.xcassets */; };
		69547DA0226596C10025DA4B /* LaunchScreen.storyboard in Resources */ = {isa = PBXBuildFile; fileRef = 69547D9E226596C10025DA4B /* LaunchScreen.storyboard */; };
		69547DA92265979D0025DA4B /* Timespan.swift in Sources */ = {isa = PBXBuildFile; fileRef = 69547DA82265979D0025DA4B /* Timespan.swift */; };
		69547DAB226597ED0025DA4B /* Job.swift in Sources */ = {isa = PBXBuildFile; fileRef = 69547DAA226597ED0025DA4B /* Job.swift */; };
		698C68402265C3B500FD7A2A /* CellManager.swift in Sources */ = {isa = PBXBuildFile; fileRef = 698C683F2265C3B500FD7A2A /* CellManager.swift */; };
		698C68462265EF9700FD7A2A /* Date+formatted.swift in Sources */ = {isa = PBXBuildFile; fileRef = 698C68452265EF9700FD7A2A /* Date+formatted.swift */; };
		69B29C3B2267AFE900D07699 /* TimeInterval+formatted.swift in Sources */ = {isa = PBXBuildFile; fileRef = 69B29C3A2267AFE900D07699 /* TimeInterval+formatted.swift */; };
/* End PBXBuildFile section */

/* Begin PBXFileReference section */
		693FBB8D2266888800688730 /* HeaderView.swift */ = {isa = PBXFileReference; lastKnownFileType = sourcecode.swift; path = HeaderView.swift; sourceTree = "<group>"; };
		693FBB8F226688A000688730 /* HeaderView.xib */ = {isa = PBXFileReference; lastKnownFileType = file.xib; path = HeaderView.xib; sourceTree = "<group>"; };
		693FBB972267155000688730 /* HeaderViewDelegate.swift */ = {isa = PBXFileReference; lastKnownFileType = sourcecode.swift; path = HeaderViewDelegate.swift; sourceTree = "<group>"; };
		693FBBBC2267578D00688730 /* DetailViewController.swift */ = {isa = PBXFileReference; lastKnownFileType = sourcecode.swift; path = DetailViewController.swift; sourceTree = "<group>"; };
		6953B55F2268864A00BC646A /* README.md */ = {isa = PBXFileReference; fileEncoding = 4; lastKnownFileType = net.daringfireball.markdown; path = README.md; sourceTree = "<group>"; };
		69547D92226596BD0025DA4B /* Time Tracker.app */ = {isa = PBXFileReference; explicitFileType = wrapper.application; includeInIndex = 0; path = "Time Tracker.app"; sourceTree = BUILT_PRODUCTS_DIR; };
		69547D95226596BD0025DA4B /* AppDelegate.swift */ = {isa = PBXFileReference; lastKnownFileType = sourcecode.swift; path = AppDelegate.swift; sourceTree = "<group>"; };
		69547D97226596BD0025DA4B /* ListViewController.swift */ = {isa = PBXFileReference; lastKnownFileType = sourcecode.swift; path = ListViewController.swift; sourceTree = "<group>"; };
		69547D9A226596BE0025DA4B /* Base */ = {isa = PBXFileReference; lastKnownFileType = file.storyboard; name = Base; path = Base.lproj/Main.storyboard; sourceTree = "<group>"; };
		69547D9C226596C10025DA4B /* Assets.xcassets */ = {isa = PBXFileReference; lastKnownFileType = folder.assetcatalog; path = Assets.xcassets; sourceTree = "<group>"; };
		69547D9F226596C10025DA4B /* Base */ = {isa = PBXFileReference; lastKnownFileType = file.storyboard; name = Base; path = Base.lproj/LaunchScreen.storyboard; sourceTree = "<group>"; };
		69547DA1226596C10025DA4B /* Info.plist */ = {isa = PBXFileReference; lastKnownFileType = text.plist.xml; path = Info.plist; sourceTree = "<group>"; };
		69547DA82265979D0025DA4B /* Timespan.swift */ = {isa = PBXFileReference; lastKnownFileType = sourcecode.swift; path = Timespan.swift; sourceTree = "<group>"; };
		69547DAA226597ED0025DA4B /* Job.swift */ = {isa = PBXFileReference; lastKnownFileType = sourcecode.swift; path = Job.swift; sourceTree = "<group>"; };
		698C683F2265C3B500FD7A2A /* CellManager.swift */ = {isa = PBXFileReference; lastKnownFileType = sourcecode.swift; path = CellManager.swift; sourceTree = "<group>"; };
		698C68452265EF9700FD7A2A /* Date+formatted.swift */ = {isa = PBXFileReference; lastKnownFileType = sourcecode.swift; path = "Date+formatted.swift"; sourceTree = "<group>"; };
		69B29C3A2267AFE900D07699 /* TimeInterval+formatted.swift */ = {isa = PBXFileReference; lastKnownFileType = sourcecode.swift; path = "TimeInterval+formatted.swift"; sourceTree = "<group>"; };
/* End PBXFileReference section */

/* Begin PBXFrameworksBuildPhase section */
		69547D8F226596BD0025DA4B /* Frameworks */ = {
			isa = PBXFrameworksBuildPhase;
			buildActionMask = 2147483647;
			files = (
			);
			runOnlyForDeploymentPostprocessing = 0;
		};
/* End PBXFrameworksBuildPhase section */

/* Begin PBXGroup section */
		69547D89226596BD0025DA4B = {
			isa = PBXGroup;
			children = (
				6953B55F2268864A00BC646A /* README.md */,
				69547D94226596BD0025DA4B /* Time Tracker */,
				69547D93226596BD0025DA4B /* Products */,
			);
			sourceTree = "<group>";
		};
		69547D93226596BD0025DA4B /* Products */ = {
			isa = PBXGroup;
			children = (
				69547D92226596BD0025DA4B /* Time Tracker.app */,
			);
			name = Products;
			sourceTree = "<group>";
		};
		69547D94226596BD0025DA4B /* Time Tracker */ = {
			isa = PBXGroup;
			children = (
				698C683C2265BF5F00FD7A2A /* View Controllers */,
				69547DAC2265A1620025DA4B /* Views */,
				69547DA72265975D0025DA4B /* Model */,
				698C683E2265C39200FD7A2A /* Other Controllers */,
				698C68412265C85600FD7A2A /* Protocols */,
				698C68442265EF6E00FD7A2A /* Extensions */,
				698C683D2265BF7B00FD7A2A /* Resources */,
			);
			path = "Time Tracker";
			sourceTree = "<group>";
		};
		69547DA72265975D0025DA4B /* Model */ = {
			isa = PBXGroup;
			children = (
				69547DAA226597ED0025DA4B /* Job.swift */,
				69547DA82265979D0025DA4B /* Timespan.swift */,
			);
			path = Model;
			sourceTree = "<group>";
		};
		69547DAC2265A1620025DA4B /* Views */ = {
			isa = PBXGroup;
			children = (
				69547D99226596BE0025DA4B /* Main.storyboard */,
				69547D9E226596C10025DA4B /* LaunchScreen.storyboard */,
				693FBB8D2266888800688730 /* HeaderView.swift */,
				693FBB8F226688A000688730 /* HeaderView.xib */,
			);
			path = Views;
			sourceTree = "<group>";
		};
		698C683C2265BF5F00FD7A2A /* View Controllers */ = {
			isa = PBXGroup;
			children = (
				69547D97226596BD0025DA4B /* ListViewController.swift */,
				693FBBBC2267578D00688730 /* DetailViewController.swift */,
			);
			path = "View Controllers";
			sourceTree = "<group>";
		};
		698C683D2265BF7B00FD7A2A /* Resources */ = {
			isa = PBXGroup;
			children = (
				69547D95226596BD0025DA4B /* AppDelegate.swift */,
				69547D9C226596C10025DA4B /* Assets.xcassets */,
				69547DA1226596C10025DA4B /* Info.plist */,
			);
			path = Resources;
			sourceTree = "<group>";
		};
		698C683E2265C39200FD7A2A /* Other Controllers */ = {
			isa = PBXGroup;
			children = (
				698C683F2265C3B500FD7A2A /* CellManager.swift */,
			);
			path = "Other Controllers";
			sourceTree = "<group>";
		};
		698C68412265C85600FD7A2A /* Protocols */ = {
			isa = PBXGroup;
			children = (
				693FBB972267155000688730 /* HeaderViewDelegate.swift */,
			);
			path = Protocols;
			sourceTree = "<group>";
		};
		698C68442265EF6E00FD7A2A /* Extensions */ = {
			isa = PBXGroup;
			children = (
				698C68452265EF9700FD7A2A /* Date+formatted.swift */,
				69B29C3A2267AFE900D07699 /* TimeInterval+formatted.swift */,
			);
			path = Extensions;
			sourceTree = "<group>";
		};
/* End PBXGroup section */

/* Begin PBXNativeTarget section */
		69547D91226596BD0025DA4B /* Time Tracker */ = {
			isa = PBXNativeTarget;
			buildConfigurationList = 69547DA4226596C10025DA4B /* Build configuration list for PBXNativeTarget "Time Tracker" */;
			buildPhases = (
				69547D8E226596BD0025DA4B /* Sources */,
				69547D8F226596BD0025DA4B /* Frameworks */,
				69547D90226596BD0025DA4B /* Resources */,
			);
			buildRules = (
			);
			dependencies = (
			);
			name = "Time Tracker";
			productName = "Time Tracker";
			productReference = 69547D92226596BD0025DA4B /* Time Tracker.app */;
			productType = "com.apple.product-type.application";
		};
/* End PBXNativeTarget section */

/* Begin PBXProject section */
		69547D8A226596BD0025DA4B /* Project object */ = {
			isa = PBXProject;
			attributes = {
				LastSwiftUpdateCheck = 1020;
				LastUpgradeCheck = 1020;
				ORGANIZATIONNAME = "Denis Bystruev";
				TargetAttributes = {
					69547D91226596BD0025DA4B = {
						CreatedOnToolsVersion = 10.2;
					};
				};
			};
			buildConfigurationList = 69547D8D226596BD0025DA4B /* Build configuration list for PBXProject "Time Tracker" */;
			compatibilityVersion = "Xcode 9.3";
			developmentRegion = en;
			hasScannedForEncodings = 0;
			knownRegions = (
				en,
				Base,
			);
			mainGroup = 69547D89226596BD0025DA4B;
			productRefGroup = 69547D93226596BD0025DA4B /* Products */;
			projectDirPath = "";
			projectRoot = "";
			targets = (
				69547D91226596BD0025DA4B /* Time Tracker */,
			);
		};
/* End PBXProject section */

/* Begin PBXResourcesBuildPhase section */
		69547D90226596BD0025DA4B /* Resources */ = {
			isa = PBXResourcesBuildPhase;
			buildActionMask = 2147483647;
			files = (
				69547DA0226596C10025DA4B /* LaunchScreen.storyboard in Resources */,
				69547D9D226596C10025DA4B /* Assets.xcassets in Resources */,
				6953B5602268864B00BC646A /* README.md in Resources */,
				69547D9B226596BE0025DA4B /* Main.storyboard in Resources */,
				693FBB90226688A000688730 /* HeaderView.xib in Resources */,
			);
			runOnlyForDeploymentPostprocessing = 0;
		};
/* End PBXResourcesBuildPhase section */

/* Begin PBXSourcesBuildPhase section */
		69547D8E226596BD0025DA4B /* Sources */ = {
			isa = PBXSourcesBuildPhase;
			buildActionMask = 2147483647;
			files = (
				698C68462265EF9700FD7A2A /* Date+formatted.swift in Sources */,
				69547DA92265979D0025DA4B /* Timespan.swift in Sources */,
				69547D98226596BD0025DA4B /* ListViewController.swift in Sources */,
				69547D96226596BD0025DA4B /* AppDelegate.swift in Sources */,
				69547DAB226597ED0025DA4B /* Job.swift in Sources */,
				698C68402265C3B500FD7A2A /* CellManager.swift in Sources */,
				69B29C3B2267AFE900D07699 /* TimeInterval+formatted.swift in Sources */,
				693FBBBD2267578D00688730 /* DetailViewController.swift in Sources */,
				693FBB8E2266888800688730 /* HeaderView.swift in Sources */,
				693FBB982267155000688730 /* HeaderViewDelegate.swift in Sources */,
			);
			runOnlyForDeploymentPostprocessing = 0;
		};
/* End PBXSourcesBuildPhase section */

/* Begin PBXVariantGroup section */
		69547D99226596BE0025DA4B /* Main.storyboard */ = {
			isa = PBXVariantGroup;
			children = (
				69547D9A226596BE0025DA4B /* Base */,
			);
			name = Main.storyboard;
			sourceTree = "<group>";
		};
		69547D9E226596C10025DA4B /* LaunchScreen.storyboard */ = {
			isa = PBXVariantGroup;
			children = (
				69547D9F226596C10025DA4B /* Base */,
			);
			name = LaunchScreen.storyboard;
			sourceTree = "<group>";
		};
/* End PBXVariantGroup section */

/* Begin XCBuildConfiguration section */
		69547DA2226596C10025DA4B /* Debug */ = {
			isa = XCBuildConfiguration;
			buildSettings = {
				ALWAYS_SEARCH_USER_PATHS = NO;
				CLANG_ANALYZER_NONNULL = YES;
				CLANG_ANALYZER_NUMBER_OBJECT_CONVERSION = YES_AGGRESSIVE;
				CLANG_CXX_LANGUAGE_STANDARD = "gnu++14";
				CLANG_CXX_LIBRARY = "libc++";
				CLANG_ENABLE_MODULES = YES;
				CLANG_ENABLE_OBJC_ARC = YES;
				CLANG_ENABLE_OBJC_WEAK = YES;
				CLANG_WARN_BLOCK_CAPTURE_AUTORELEASING = YES;
				CLANG_WARN_BOOL_CONVERSION = YES;
				CLANG_WARN_COMMA = YES;
				CLANG_WARN_CONSTANT_CONVERSION = YES;
				CLANG_WARN_DEPRECATED_OBJC_IMPLEMENTATIONS = YES;
				CLANG_WARN_DIRECT_OBJC_ISA_USAGE = YES_ERROR;
				CLANG_WARN_DOCUMENTATION_COMMENTS = YES;
				CLANG_WARN_EMPTY_BODY = YES;
				CLANG_WARN_ENUM_CONVERSION = YES;
				CLANG_WARN_INFINITE_RECURSION = YES;
				CLANG_WARN_INT_CONVERSION = YES;
				CLANG_WARN_NON_LITERAL_NULL_CONVERSION = YES;
				CLANG_WARN_OBJC_IMPLICIT_RETAIN_SELF = YES;
				CLANG_WARN_OBJC_LITERAL_CONVERSION = YES;
				CLANG_WARN_OBJC_ROOT_CLASS = YES_ERROR;
				CLANG_WARN_RANGE_LOOP_ANALYSIS = YES;
				CLANG_WARN_STRICT_PROTOTYPES = YES;
				CLANG_WARN_SUSPICIOUS_MOVE = YES;
				CLANG_WARN_UNGUARDED_AVAILABILITY = YES_AGGRESSIVE;
				CLANG_WARN_UNREACHABLE_CODE = YES;
				CLANG_WARN__DUPLICATE_METHOD_MATCH = YES;
				CODE_SIGN_IDENTITY = "iPhone Developer";
				COPY_PHASE_STRIP = NO;
				DEBUG_INFORMATION_FORMAT = dwarf;
				ENABLE_STRICT_OBJC_MSGSEND = YES;
				ENABLE_TESTABILITY = YES;
				GCC_C_LANGUAGE_STANDARD = gnu11;
				GCC_DYNAMIC_NO_PIC = NO;
				GCC_NO_COMMON_BLOCKS = YES;
				GCC_OPTIMIZATION_LEVEL = 0;
				GCC_PREPROCESSOR_DEFINITIONS = (
					"DEBUG=1",
					"$(inherited)",
				);
				GCC_WARN_64_TO_32_BIT_CONVERSION = YES;
				GCC_WARN_ABOUT_RETURN_TYPE = YES_ERROR;
				GCC_WARN_UNDECLARED_SELECTOR = YES;
				GCC_WARN_UNINITIALIZED_AUTOS = YES_AGGRESSIVE;
				GCC_WARN_UNUSED_FUNCTION = YES;
				GCC_WARN_UNUSED_VARIABLE = YES;
				IPHONEOS_DEPLOYMENT_TARGET = 12.2;
				MTL_ENABLE_DEBUG_INFO = INCLUDE_SOURCE;
				MTL_FAST_MATH = YES;
				ONLY_ACTIVE_ARCH = YES;
				SDKROOT = iphoneos;
				SWIFT_ACTIVE_COMPILATION_CONDITIONS = DEBUG;
				SWIFT_OPTIMIZATION_LEVEL = "-Onone";
			};
			name = Debug;
		};
		69547DA3226596C10025DA4B /* Release */ = {
			isa = XCBuildConfiguration;
			buildSettings = {
				ALWAYS_SEARCH_USER_PATHS = NO;
				CLANG_ANALYZER_NONNULL = YES;
				CLANG_ANALYZER_NUMBER_OBJECT_CONVERSION = YES_AGGRESSIVE;
				CLANG_CXX_LANGUAGE_STANDARD = "gnu++14";
				CLANG_CXX_LIBRARY = "libc++";
				CLANG_ENABLE_MODULES = YES;
				CLANG_ENABLE_OBJC_ARC = YES;
				CLANG_ENABLE_OBJC_WEAK = YES;
				CLANG_WARN_BLOCK_CAPTURE_AUTORELEASING = YES;
				CLANG_WARN_BOOL_CONVERSION = YES;
				CLANG_WARN_COMMA = YES;
				CLANG_WARN_CONSTANT_CONVERSION = YES;
				CLANG_WARN_DEPRECATED_OBJC_IMPLEMENTATIONS = YES;
				CLANG_WARN_DIRECT_OBJC_ISA_USAGE = YES_ERROR;
				CLANG_WARN_DOCUMENTATION_COMMENTS = YES;
				CLANG_WARN_EMPTY_BODY = YES;
				CLANG_WARN_ENUM_CONVERSION = YES;
				CLANG_WARN_INFINITE_RECURSION = YES;
				CLANG_WARN_INT_CONVERSION = YES;
				CLANG_WARN_NON_LITERAL_NULL_CONVERSION = YES;
				CLANG_WARN_OBJC_IMPLICIT_RETAIN_SELF = YES;
				CLANG_WARN_OBJC_LITERAL_CONVERSION = YES;
				CLANG_WARN_OBJC_ROOT_CLASS = YES_ERROR;
				CLANG_WARN_RANGE_LOOP_ANALYSIS = YES;
				CLANG_WARN_STRICT_PROTOTYPES = YES;
				CLANG_WARN_SUSPICIOUS_MOVE = YES;
				CLANG_WARN_UNGUARDED_AVAILABILITY = YES_AGGRESSIVE;
				CLANG_WARN_UNREACHABLE_CODE = YES;
				CLANG_WARN__DUPLICATE_METHOD_MATCH = YES;
				CODE_SIGN_IDENTITY = "iPhone Developer";
				COPY_PHASE_STRIP = NO;
				DEBUG_INFORMATION_FORMAT = "dwarf-with-dsym";
				ENABLE_NS_ASSERTIONS = NO;
				ENABLE_STRICT_OBJC_MSGSEND = YES;
				GCC_C_LANGUAGE_STANDARD = gnu11;
				GCC_NO_COMMON_BLOCKS = YES;
				GCC_WARN_64_TO_32_BIT_CONVERSION = YES;
				GCC_WARN_ABOUT_RETURN_TYPE = YES_ERROR;
				GCC_WARN_UNDECLARED_SELECTOR = YES;
				GCC_WARN_UNINITIALIZED_AUTOS = YES_AGGRESSIVE;
				GCC_WARN_UNUSED_FUNCTION = YES;
				GCC_WARN_UNUSED_VARIABLE = YES;
				IPHONEOS_DEPLOYMENT_TARGET = 12.2;
				MTL_ENABLE_DEBUG_INFO = NO;
				MTL_FAST_MATH = YES;
				SDKROOT = iphoneos;
				SWIFT_COMPILATION_MODE = wholemodule;
				SWIFT_OPTIMIZATION_LEVEL = "-O";
				VALIDATE_PRODUCT = YES;
			};
			name = Release;
		};
		69547DA5226596C10025DA4B /* Debug */ = {
			isa = XCBuildConfiguration;
			buildSettings = {
				ASSETCATALOG_COMPILER_APPICON_NAME = AppIcon;
				CODE_SIGN_STYLE = Automatic;
				DEVELOPMENT_TEAM = 8J39KF9DMS;
				INFOPLIST_FILE = "$(SRCROOT)/Time Tracker/Resources/Info.plist";
				IPHONEOS_DEPLOYMENT_TARGET = 10.0;
				LD_RUNPATH_SEARCH_PATHS = (
					"$(inherited)",
					"@executable_path/Frameworks",
				);
				PRODUCT_BUNDLE_IDENTIFIER = "ru.learnSwift.Time-Tracker";
				PRODUCT_NAME = "$(TARGET_NAME)";
				SWIFT_VERSION = 5.0;
				TARGETED_DEVICE_FAMILY = "1,2";
			};
			name = Debug;
		};
		69547DA6226596C10025DA4B /* Release */ = {
			isa = XCBuildConfiguration;
			buildSettings = {
				ASSETCATALOG_COMPILER_APPICON_NAME = AppIcon;
				CODE_SIGN_STYLE = Automatic;
				DEVELOPMENT_TEAM = 8J39KF9DMS;
				INFOPLIST_FILE = "$(SRCROOT)/Time Tracker/Resources/Info.plist";
				IPHONEOS_DEPLOYMENT_TARGET = 10.0;
				LD_RUNPATH_SEARCH_PATHS = (
					"$(inherited)",
					"@executable_path/Frameworks",
				);
				PRODUCT_BUNDLE_IDENTIFIER = "ru.learnSwift.Time-Tracker";
				PRODUCT_NAME = "$(TARGET_NAME)";
				SWIFT_VERSION = 5.0;
				TARGETED_DEVICE_FAMILY = "1,2";
			};
			name = Release;
		};
/* End XCBuildConfiguration section */

/* Begin XCConfigurationList section */
		69547D8D226596BD0025DA4B /* Build configuration list for PBXProject "Time Tracker" */ = {
			isa = XCConfigurationList;
			buildConfigurations = (
				69547DA2226596C10025DA4B /* Debug */,
				69547DA3226596C10025DA4B /* Release */,
			);
			defaultConfigurationIsVisible = 0;
			defaultConfigurationName = Release;
		};
		69547DA4226596C10025DA4B /* Build configuration list for PBXNativeTarget "Time Tracker" */ = {
			isa = XCConfigurationList;
			buildConfigurations = (
				69547DA5226596C10025DA4B /* Debug */,
				69547DA6226596C10025DA4B /* Release */,
			);
			defaultConfigurationIsVisible = 0;
			defaultConfigurationName = Release;
		};
/* End XCConfigurationList section */
	};
	rootObject = 69547D8A226596BD0025DA4B /* Project object */;
}
